
Microsoft Visual Studio Solution File, Format Version 12.00
# Visual Studio Version 17
VisualStudioVersion = 17.11.35312.102
MinimumVisualStudioVersion = 10.0.40219.1
Project("{FAE04EC0-301F-11D3-BF4B-00C04F79EFBC}") = "Type_Casting", "Type_Casting\Type_Casting.csproj", "{49477C6A-14E1-4BBB-AE99-DF68988A12AA}"
EndProject
Global
	GlobalSection(SolutionConfigurationPlatforms) = preSolution
		Debug|Any CPU = Debug|Any CPU
		Release|Any CPU = Release|Any CPU
	EndGlobalSection
	GlobalSection(ProjectConfigurationPlatforms) = postSolution
		{49477C6A-14E1-4BBB-AE99-DF68988A12AA}.Debug|Any CPU.ActiveCfg = Debug|Any CPU
		{49477C6A-14E1-4BBB-AE99-DF68988A12AA}.Debug|Any CPU.Build.0 = Debug|Any CPU
		{49477C6A-14E1-4BBB-AE99-DF68988A12AA}.Release|Any CPU.ActiveCfg = Release|Any CPU
		{49477C6A-14E1-4BBB-AE99-DF68988A12AA}.Release|Any CPU.Build.0 = Release|Any CPU
	EndGlobalSection
	GlobalSection(SolutionProperties) = preSolution
		HideSolutionNode = FALSE
	EndGlobalSection
	GlobalSection(ExtensibilityGlobals) = postSolution
		SolutionGuid = {0F977CDC-9B83-4128-8AE0-707F60557C58}
	EndGlobalSection
EndGlobal
